// !$*UTF8*$!
{
	archiveVersion = 1;
	classes = {
	};
	objectVersion = 50;
	objects = {

/* Begin PBXBuildFile section */
		CB12251620FC626400E6627D /* EmptyTableViewCell.swift in Sources */ = {isa = PBXBuildFile; fileRef = CB12251420FC626400E6627D /* EmptyTableViewCell.swift */; };
		CB12251720FC626400E6627D /* EmptyTableViewCell.xib in Resources */ = {isa = PBXBuildFile; fileRef = CB12251520FC626400E6627D /* EmptyTableViewCell.xib */; };
		CB16C18520F5D3B500B2D745 /* MainViewController.swift in Sources */ = {isa = PBXBuildFile; fileRef = CB16C18420F5D3B500B2D745 /* MainViewController.swift */; };
		CB1A70FB20F6F5E900C0B94A /* UserDataMapper.swift in Sources */ = {isa = PBXBuildFile; fileRef = CB1A70FA20F6F5E900C0B94A /* UserDataMapper.swift */; };
		CB1A710220F7355200C0B94A /* APIManager.swift in Sources */ = {isa = PBXBuildFile; fileRef = CB1A710120F7355200C0B94A /* APIManager.swift */; };
		CB489E8B20F7C72A006BA2B6 /* APIService.swift in Sources */ = {isa = PBXBuildFile; fileRef = CB489E8A20F7C72A006BA2B6 /* APIService.swift */; };
		CB489E9020FB6340006BA2B6 /* SearchTableViewCell.swift in Sources */ = {isa = PBXBuildFile; fileRef = CB489E8E20FB6340006BA2B6 /* SearchTableViewCell.swift */; };
		CB489E9120FB6340006BA2B6 /* SearchTableViewCell.xib in Resources */ = {isa = PBXBuildFile; fileRef = CB489E8F20FB6340006BA2B6 /* SearchTableViewCell.xib */; };
		CB67CCF920F3687C006B22B6 /* AppDelegate.swift in Sources */ = {isa = PBXBuildFile; fileRef = CB67CCF820F3687C006B22B6 /* AppDelegate.swift */; };
		CB67CCFE20F3687D006B22B6 /* Main.storyboard in Resources */ = {isa = PBXBuildFile; fileRef = CB67CCFC20F3687D006B22B6 /* Main.storyboard */; };
		CB67CD0020F3687D006B22B6 /* Assets.xcassets in Resources */ = {isa = PBXBuildFile; fileRef = CB67CCFF20F3687D006B22B6 /* Assets.xcassets */; };
		CB67CD0320F3687D006B22B6 /* LaunchScreen.storyboard in Resources */ = {isa = PBXBuildFile; fileRef = CB67CD0120F3687D006B22B6 /* LaunchScreen.storyboard */; };
		E268104BFF8C2D593FF97986 /* Pods_GitSearch.framework in Frameworks */ = {isa = PBXBuildFile; fileRef = A5D02D3672BC0F7F99A1442A /* Pods_GitSearch.framework */; };
/* End PBXBuildFile section */

/* Begin PBXFileReference section */
		2A032273303A611529629722 /* Pods-GitSearch.release.xcconfig */ = {isa = PBXFileReference; includeInIndex = 1; lastKnownFileType = text.xcconfig; name = "Pods-GitSearch.release.xcconfig"; path = "Pods/Target Support Files/Pods-GitSearch/Pods-GitSearch.release.xcconfig"; sourceTree = "<group>"; };
		71DBA2942939E4451AFD5014 /* Pods-GitSearch.debug.xcconfig */ = {isa = PBXFileReference; includeInIndex = 1; lastKnownFileType = text.xcconfig; name = "Pods-GitSearch.debug.xcconfig"; path = "Pods/Target Support Files/Pods-GitSearch/Pods-GitSearch.debug.xcconfig"; sourceTree = "<group>"; };
		A5D02D3672BC0F7F99A1442A /* Pods_GitSearch.framework */ = {isa = PBXFileReference; explicitFileType = wrapper.framework; includeInIndex = 0; path = Pods_GitSearch.framework; sourceTree = BUILT_PRODUCTS_DIR; };
		CB12251420FC626400E6627D /* EmptyTableViewCell.swift */ = {isa = PBXFileReference; lastKnownFileType = sourcecode.swift; path = EmptyTableViewCell.swift; sourceTree = "<group>"; };
		CB12251520FC626400E6627D /* EmptyTableViewCell.xib */ = {isa = PBXFileReference; lastKnownFileType = file.xib; path = EmptyTableViewCell.xib; sourceTree = "<group>"; };
		CB16C18420F5D3B500B2D745 /* MainViewController.swift */ = {isa = PBXFileReference; lastKnownFileType = sourcecode.swift; path = MainViewController.swift; sourceTree = "<group>"; };
		CB1A70FA20F6F5E900C0B94A /* UserDataMapper.swift */ = {isa = PBXFileReference; lastKnownFileType = sourcecode.swift; path = UserDataMapper.swift; sourceTree = "<group>"; };
		CB1A710120F7355200C0B94A /* APIManager.swift */ = {isa = PBXFileReference; lastKnownFileType = sourcecode.swift; path = APIManager.swift; sourceTree = "<group>"; };
		CB489E8A20F7C72A006BA2B6 /* APIService.swift */ = {isa = PBXFileReference; lastKnownFileType = sourcecode.swift; path = APIService.swift; sourceTree = "<group>"; };
		CB489E8E20FB6340006BA2B6 /* SearchTableViewCell.swift */ = {isa = PBXFileReference; lastKnownFileType = sourcecode.swift; path = SearchTableViewCell.swift; sourceTree = "<group>"; };
		CB489E8F20FB6340006BA2B6 /* SearchTableViewCell.xib */ = {isa = PBXFileReference; lastKnownFileType = file.xib; path = SearchTableViewCell.xib; sourceTree = "<group>"; };
		CB67CCF520F3687C006B22B6 /* GitSearch.app */ = {isa = PBXFileReference; explicitFileType = wrapper.application; includeInIndex = 0; path = GitSearch.app; sourceTree = BUILT_PRODUCTS_DIR; };
		CB67CCF820F3687C006B22B6 /* AppDelegate.swift */ = {isa = PBXFileReference; lastKnownFileType = sourcecode.swift; path = AppDelegate.swift; sourceTree = "<group>"; };
		CB67CCFD20F3687D006B22B6 /* Base */ = {isa = PBXFileReference; lastKnownFileType = file.storyboard; name = Base; path = Base.lproj/Main.storyboard; sourceTree = "<group>"; };
		CB67CCFF20F3687D006B22B6 /* Assets.xcassets */ = {isa = PBXFileReference; lastKnownFileType = folder.assetcatalog; path = Assets.xcassets; sourceTree = "<group>"; };
		CB67CD0220F3687D006B22B6 /* Base */ = {isa = PBXFileReference; lastKnownFileType = file.storyboard; name = Base; path = Base.lproj/LaunchScreen.storyboard; sourceTree = "<group>"; };
		CB67CD0420F3687D006B22B6 /* Info.plist */ = {isa = PBXFileReference; lastKnownFileType = text.plist.xml; path = Info.plist; sourceTree = "<group>"; };
/* End PBXFileReference section */

/* Begin PBXFrameworksBuildPhase section */
		CB67CCF220F3687C006B22B6 /* Frameworks */ = {
			isa = PBXFrameworksBuildPhase;
			buildActionMask = 2147483647;
			files = (
				E268104BFF8C2D593FF97986 /* Pods_GitSearch.framework in Frameworks */,
			);
			runOnlyForDeploymentPostprocessing = 0;
		};
/* End PBXFrameworksBuildPhase section */

/* Begin PBXGroup section */
		9B3F061EC4344B58F210E0FC /* Pods */ = {
			isa = PBXGroup;
			children = (
				71DBA2942939E4451AFD5014 /* Pods-GitSearch.debug.xcconfig */,
				2A032273303A611529629722 /* Pods-GitSearch.release.xcconfig */,
			);
			name = Pods;
			sourceTree = "<group>";
		};
		B2FD84CB61957B426038E754 /* Frameworks */ = {
			isa = PBXGroup;
			children = (
				A5D02D3672BC0F7F99A1442A /* Pods_GitSearch.framework */,
			);
			name = Frameworks;
			sourceTree = "<group>";
		};
		CB1A70FC20F6F5F700C0B94A /* Model */ = {
			isa = PBXGroup;
			children = (
				CB1A70FA20F6F5E900C0B94A /* UserDataMapper.swift */,
			);
			path = Model;
			sourceTree = "<group>";
		};
		CB1A70FD20F6F60000C0B94A /* ViewController */ = {
			isa = PBXGroup;
			children = (
				CB16C18420F5D3B500B2D745 /* MainViewController.swift */,
			);
			path = ViewController;
			sourceTree = "<group>";
		};
		CB1A70FE20F70F8B00C0B94A /* Network */ = {
			isa = PBXGroup;
			children = (
				CB489E8A20F7C72A006BA2B6 /* APIService.swift */,
				CB1A710120F7355200C0B94A /* APIManager.swift */,
			);
			path = Network;
			sourceTree = "<group>";
		};
		CB489E8D20FB631F006BA2B6 /* View */ = {
			isa = PBXGroup;
			children = (
				CB489E8E20FB6340006BA2B6 /* SearchTableViewCell.swift */,
				CB489E8F20FB6340006BA2B6 /* SearchTableViewCell.xib */,
				CB12251420FC626400E6627D /* EmptyTableViewCell.swift */,
				CB12251520FC626400E6627D /* EmptyTableViewCell.xib */,
			);
			path = View;
			sourceTree = "<group>";
		};
		CB67CCEC20F3687C006B22B6 = {
			isa = PBXGroup;
			children = (
				CB67CCF720F3687C006B22B6 /* GitSearch */,
				CB67CCF620F3687C006B22B6 /* Products */,
				9B3F061EC4344B58F210E0FC /* Pods */,
				B2FD84CB61957B426038E754 /* Frameworks */,
			);
			sourceTree = "<group>";
		};
		CB67CCF620F3687C006B22B6 /* Products */ = {
			isa = PBXGroup;
			children = (
				CB67CCF520F3687C006B22B6 /* GitSearch.app */,
			);
			name = Products;
			sourceTree = "<group>";
		};
		CB67CCF720F3687C006B22B6 /* GitSearch */ = {
			isa = PBXGroup;
			children = (
				CB1A70FE20F70F8B00C0B94A /* Network */,
				CB1A70FC20F6F5F700C0B94A /* Model */,
				CB1A70FD20F6F60000C0B94A /* ViewController */,
				CB489E8D20FB631F006BA2B6 /* View */,
				CB67CCF820F3687C006B22B6 /* AppDelegate.swift */,
				CB67CCFC20F3687D006B22B6 /* Main.storyboard */,
				CB67CCFF20F3687D006B22B6 /* Assets.xcassets */,
				CB67CD0120F3687D006B22B6 /* LaunchScreen.storyboard */,
				CB67CD0420F3687D006B22B6 /* Info.plist */,
			);
			path = GitSearch;
			sourceTree = "<group>";
		};
/* End PBXGroup section */

/* Begin PBXNativeTarget section */
		CB67CCF420F3687C006B22B6 /* GitSearch */ = {
			isa = PBXNativeTarget;
			buildConfigurationList = CB67CD0720F3687D006B22B6 /* Build configuration list for PBXNativeTarget "GitSearch" */;
			buildPhases = (
				90616A05A1DC2A8F60FF8EDC /* [CP] Check Pods Manifest.lock */,
				CB67CCF120F3687C006B22B6 /* Sources */,
				CB67CCF220F3687C006B22B6 /* Frameworks */,
				CB67CCF320F3687C006B22B6 /* Resources */,
				CB67CD0A20F36948006B22B6 /* ShellScript */,
				B46BA1EC426A294A3C68A3C6 /* [CP] Embed Pods Frameworks */,
			);
			buildRules = (
			);
			dependencies = (
			);
			name = GitSearch;
			productName = GitSearch;
			productReference = CB67CCF520F3687C006B22B6 /* GitSearch.app */;
			productType = "com.apple.product-type.application";
		};
/* End PBXNativeTarget section */

/* Begin PBXProject section */
		CB67CCED20F3687C006B22B6 /* Project object */ = {
			isa = PBXProject;
			attributes = {
				LastSwiftUpdateCheck = 0940;
				LastUpgradeCheck = 0940;
				ORGANIZATIONNAME = "장혜준";
				TargetAttributes = {
					CB67CCF420F3687C006B22B6 = {
						CreatedOnToolsVersion = 9.4.1;
					};
				};
			};
			buildConfigurationList = CB67CCF020F3687C006B22B6 /* Build configuration list for PBXProject "GitSearch" */;
			compatibilityVersion = "Xcode 9.3";
			developmentRegion = en;
			hasScannedForEncodings = 0;
			knownRegions = (
				en,
				Base,
			);
			mainGroup = CB67CCEC20F3687C006B22B6;
			productRefGroup = CB67CCF620F3687C006B22B6 /* Products */;
			projectDirPath = "";
			projectRoot = "";
			targets = (
				CB67CCF420F3687C006B22B6 /* GitSearch */,
			);
		};
/* End PBXProject section */

/* Begin PBXResourcesBuildPhase section */
		CB67CCF320F3687C006B22B6 /* Resources */ = {
			isa = PBXResourcesBuildPhase;
			buildActionMask = 2147483647;
			files = (
				CB67CD0320F3687D006B22B6 /* LaunchScreen.storyboard in Resources */,
				CB12251720FC626400E6627D /* EmptyTableViewCell.xib in Resources */,
				CB489E9120FB6340006BA2B6 /* SearchTableViewCell.xib in Resources */,
				CB67CD0020F3687D006B22B6 /* Assets.xcassets in Resources */,
				CB67CCFE20F3687D006B22B6 /* Main.storyboard in Resources */,
			);
			runOnlyForDeploymentPostprocessing = 0;
		};
/* End PBXResourcesBuildPhase section */

/* Begin PBXShellScriptBuildPhase section */
		90616A05A1DC2A8F60FF8EDC /* [CP] Check Pods Manifest.lock */ = {
			isa = PBXShellScriptBuildPhase;
			buildActionMask = 2147483647;
			files = (
			);
			inputPaths = (
				"${PODS_PODFILE_DIR_PATH}/Podfile.lock",
				"${PODS_ROOT}/Manifest.lock",
			);
			name = "[CP] Check Pods Manifest.lock";
			outputPaths = (
				"$(DERIVED_FILE_DIR)/Pods-GitSearch-checkManifestLockResult.txt",
			);
			runOnlyForDeploymentPostprocessing = 0;
			shellPath = /bin/sh;
			shellScript = "diff \"${PODS_PODFILE_DIR_PATH}/Podfile.lock\" \"${PODS_ROOT}/Manifest.lock\" > /dev/null\nif [ $? != 0 ] ; then\n    # print error to STDERR\n    echo \"error: The sandbox is not in sync with the Podfile.lock. Run 'pod install' or update your CocoaPods installation.\" >&2\n    exit 1\nfi\n# This output is used by Xcode 'outputs' to avoid re-running this script phase.\necho \"SUCCESS\" > \"${SCRIPT_OUTPUT_FILE_0}\"\n";
			showEnvVarsInLog = 0;
		};
		B46BA1EC426A294A3C68A3C6 /* [CP] Embed Pods Frameworks */ = {
			isa = PBXShellScriptBuildPhase;
			buildActionMask = 2147483647;
			files = (
			);
			inputPaths = (
				"${SRCROOT}/Pods/Target Support Files/Pods-GitSearch/Pods-GitSearch-frameworks.sh",
				"${BUILT_PRODUCTS_DIR}/Alamofire/Alamofire.framework",
				"${BUILT_PRODUCTS_DIR}/AlamofireObjectMapper/AlamofireObjectMapper.framework",
				"${BUILT_PRODUCTS_DIR}/ChameleonFramework/ChameleonFramework.framework",
				"${BUILT_PRODUCTS_DIR}/Kingfisher/Kingfisher.framework",
				"${BUILT_PRODUCTS_DIR}/ObjectMapper/ObjectMapper.framework",
			);
			name = "[CP] Embed Pods Frameworks";
			outputPaths = (
				"${TARGET_BUILD_DIR}/${FRAMEWORKS_FOLDER_PATH}/Alamofire.framework",
				"${TARGET_BUILD_DIR}/${FRAMEWORKS_FOLDER_PATH}/AlamofireObjectMapper.framework",
				"${TARGET_BUILD_DIR}/${FRAMEWORKS_FOLDER_PATH}/ChameleonFramework.framework",
				"${TARGET_BUILD_DIR}/${FRAMEWORKS_FOLDER_PATH}/Kingfisher.framework",
				"${TARGET_BUILD_DIR}/${FRAMEWORKS_FOLDER_PATH}/ObjectMapper.framework",
			);
			runOnlyForDeploymentPostprocessing = 0;
			shellPath = /bin/sh;
			shellScript = "\"${SRCROOT}/Pods/Target Support Files/Pods-GitSearch/Pods-GitSearch-frameworks.sh\"\n";
			showEnvVarsInLog = 0;
		};
		CB67CD0A20F36948006B22B6 /* ShellScript */ = {
			isa = PBXShellScriptBuildPhase;
			buildActionMask = 2147483647;
			files = (
			);
			inputPaths = (
			);
			outputPaths = (
			);
			runOnlyForDeploymentPostprocessing = 0;
			shellPath = /bin/sh;
			shellScript = "#!/bin/bash\nbuildNumber=$(/usr/libexec/PlistBuddy -c \"Print CFBundleVersion\" \"$INFOPLIST_FILE\")\nbuildNumber=$(($buildNumber + 1))\n/usr/libexec/PlistBuddy -c \"Set :CFBundleVersion $buildNumber\" \"$INFOPLIST_FILE\"";
		};
/* End PBXShellScriptBuildPhase section */

/* Begin PBXSourcesBuildPhase section */
		CB67CCF120F3687C006B22B6 /* Sources */ = {
			isa = PBXSourcesBuildPhase;
			buildActionMask = 2147483647;
			files = (
				CB16C18520F5D3B500B2D745 /* MainViewController.swift in Sources */,
				CB67CCF920F3687C006B22B6 /* AppDelegate.swift in Sources */,
				CB1A710220F7355200C0B94A /* APIManager.swift in Sources */,
				CB489E9020FB6340006BA2B6 /* SearchTableViewCell.swift in Sources */,
				CB489E8B20F7C72A006BA2B6 /* APIService.swift in Sources */,
				CB12251620FC626400E6627D /* EmptyTableViewCell.swift in Sources */,
				CB1A70FB20F6F5E900C0B94A /* UserDataMapper.swift in Sources */,
			);
			runOnlyForDeploymentPostprocessing = 0;
		};
/* End PBXSourcesBuildPhase section */

/* Begin PBXVariantGroup section */
		CB67CCFC20F3687D006B22B6 /* Main.storyboard */ = {
			isa = PBXVariantGroup;
			children = (
				CB67CCFD20F3687D006B22B6 /* Base */,
			);
			name = Main.storyboard;
			sourceTree = "<group>";
		};
		CB67CD0120F3687D006B22B6 /* LaunchScreen.storyboard */ = {
			isa = PBXVariantGroup;
			children = (
				CB67CD0220F3687D006B22B6 /* Base */,
			);
			name = LaunchScreen.storyboard;
			sourceTree = "<group>";
		};
/* End PBXVariantGroup section */

/* Begin XCBuildConfiguration section */
		CB67CD0520F3687D006B22B6 /* Debug */ = {
			isa = XCBuildConfiguration;
			buildSettings = {
				ALWAYS_SEARCH_USER_PATHS = NO;
				CLANG_ANALYZER_NONNULL = YES;
				CLANG_ANALYZER_NUMBER_OBJECT_CONVERSION = YES_AGGRESSIVE;
				CLANG_CXX_LANGUAGE_STANDARD = "gnu++14";
				CLANG_CXX_LIBRARY = "libc++";
				CLANG_ENABLE_MODULES = YES;
				CLANG_ENABLE_OBJC_ARC = YES;
				CLANG_ENABLE_OBJC_WEAK = YES;
				CLANG_WARN_BLOCK_CAPTURE_AUTORELEASING = YES;
				CLANG_WARN_BOOL_CONVERSION = YES;
				CLANG_WARN_COMMA = YES;
				CLANG_WARN_CONSTANT_CONVERSION = YES;
				CLANG_WARN_DEPRECATED_OBJC_IMPLEMENTATIONS = YES;
				CLANG_WARN_DIRECT_OBJC_ISA_USAGE = YES_ERROR;
				CLANG_WARN_DOCUMENTATION_COMMENTS = YES;
				CLANG_WARN_EMPTY_BODY = YES;
				CLANG_WARN_ENUM_CONVERSION = YES;
				CLANG_WARN_INFINITE_RECURSION = YES;
				CLANG_WARN_INT_CONVERSION = YES;
				CLANG_WARN_NON_LITERAL_NULL_CONVERSION = YES;
				CLANG_WARN_OBJC_IMPLICIT_RETAIN_SELF = YES;
				CLANG_WARN_OBJC_LITERAL_CONVERSION = YES;
				CLANG_WARN_OBJC_ROOT_CLASS = YES_ERROR;
				CLANG_WARN_RANGE_LOOP_ANALYSIS = YES;
				CLANG_WARN_STRICT_PROTOTYPES = YES;
				CLANG_WARN_SUSPICIOUS_MOVE = YES;
				CLANG_WARN_UNGUARDED_AVAILABILITY = YES_AGGRESSIVE;
				CLANG_WARN_UNREACHABLE_CODE = YES;
				CLANG_WARN__DUPLICATE_METHOD_MATCH = YES;
				CODE_SIGN_IDENTITY = "iPhone Developer";
				COPY_PHASE_STRIP = NO;
				DEBUG_INFORMATION_FORMAT = dwarf;
				ENABLE_STRICT_OBJC_MSGSEND = YES;
				ENABLE_TESTABILITY = YES;
				GCC_C_LANGUAGE_STANDARD = gnu11;
				GCC_DYNAMIC_NO_PIC = NO;
				GCC_NO_COMMON_BLOCKS = YES;
				GCC_OPTIMIZATION_LEVEL = 0;
				GCC_PREPROCESSOR_DEFINITIONS = (
					"DEBUG=1",
					"$(inherited)",
				);
				GCC_WARN_64_TO_32_BIT_CONVERSION = YES;
				GCC_WARN_ABOUT_RETURN_TYPE = YES_ERROR;
				GCC_WARN_UNDECLARED_SELECTOR = YES;
				GCC_WARN_UNINITIALIZED_AUTOS = YES_AGGRESSIVE;
				GCC_WARN_UNUSED_FUNCTION = YES;
				GCC_WARN_UNUSED_VARIABLE = YES;
				IPHONEOS_DEPLOYMENT_TARGET = 11.4;
				MTL_ENABLE_DEBUG_INFO = YES;
				ONLY_ACTIVE_ARCH = YES;
				SDKROOT = iphoneos;
				SWIFT_ACTIVE_COMPILATION_CONDITIONS = DEBUG;
				SWIFT_OPTIMIZATION_LEVEL = "-Onone";
			};
			name = Debug;
		};
		CB67CD0620F3687D006B22B6 /* Release */ = {
			isa = XCBuildConfiguration;
			buildSettings = {
				ALWAYS_SEARCH_USER_PATHS = NO;
				CLANG_ANALYZER_NONNULL = YES;
				CLANG_ANALYZER_NUMBER_OBJECT_CONVERSION = YES_AGGRESSIVE;
				CLANG_CXX_LANGUAGE_STANDARD = "gnu++14";
				CLANG_CXX_LIBRARY = "libc++";
				CLANG_ENABLE_MODULES = YES;
				CLANG_ENABLE_OBJC_ARC = YES;
				CLANG_ENABLE_OBJC_WEAK = YES;
				CLANG_WARN_BLOCK_CAPTURE_AUTORELEASING = YES;
				CLANG_WARN_BOOL_CONVERSION = YES;
				CLANG_WARN_COMMA = YES;
				CLANG_WARN_CONSTANT_CONVERSION = YES;
				CLANG_WARN_DEPRECATED_OBJC_IMPLEMENTATIONS = YES;
				CLANG_WARN_DIRECT_OBJC_ISA_USAGE = YES_ERROR;
				CLANG_WARN_DOCUMENTATION_COMMENTS = YES;
				CLANG_WARN_EMPTY_BODY = YES;
				CLANG_WARN_ENUM_CONVERSION = YES;
				CLANG_WARN_INFINITE_RECURSION = YES;
				CLANG_WARN_INT_CONVERSION = YES;
				CLANG_WARN_NON_LITERAL_NULL_CONVERSION = YES;
				CLANG_WARN_OBJC_IMPLICIT_RETAIN_SELF = YES;
				CLANG_WARN_OBJC_LITERAL_CONVERSION = YES;
				CLANG_WARN_OBJC_ROOT_CLASS = YES_ERROR;
				CLANG_WARN_RANGE_LOOP_ANALYSIS = YES;
				CLANG_WARN_STRICT_PROTOTYPES = YES;
				CLANG_WARN_SUSPICIOUS_MOVE = YES;
				CLANG_WARN_UNGUARDED_AVAILABILITY = YES_AGGRESSIVE;
				CLANG_WARN_UNREACHABLE_CODE = YES;
				CLANG_WARN__DUPLICATE_METHOD_MATCH = YES;
				CODE_SIGN_IDENTITY = "iPhone Developer";
				COPY_PHASE_STRIP = NO;
				DEBUG_INFORMATION_FORMAT = "dwarf-with-dsym";
				ENABLE_NS_ASSERTIONS = NO;
				ENABLE_STRICT_OBJC_MSGSEND = YES;
				GCC_C_LANGUAGE_STANDARD = gnu11;
				GCC_NO_COMMON_BLOCKS = YES;
				GCC_WARN_64_TO_32_BIT_CONVERSION = YES;
				GCC_WARN_ABOUT_RETURN_TYPE = YES_ERROR;
				GCC_WARN_UNDECLARED_SELECTOR = YES;
				GCC_WARN_UNINITIALIZED_AUTOS = YES_AGGRESSIVE;
				GCC_WARN_UNUSED_FUNCTION = YES;
				GCC_WARN_UNUSED_VARIABLE = YES;
				IPHONEOS_DEPLOYMENT_TARGET = 11.4;
				MTL_ENABLE_DEBUG_INFO = NO;
				SDKROOT = iphoneos;
				SWIFT_COMPILATION_MODE = wholemodule;
				SWIFT_OPTIMIZATION_LEVEL = "-O";
				VALIDATE_PRODUCT = YES;
			};
			name = Release;
		};
		CB67CD0820F3687D006B22B6 /* Debug */ = {
			isa = XCBuildConfiguration;
			baseConfigurationReference = 71DBA2942939E4451AFD5014 /* Pods-GitSearch.debug.xcconfig */;
			buildSettings = {
				ASSETCATALOG_COMPILER_APPICON_NAME = AppIcon;
				CODE_SIGN_STYLE = Automatic;
				DEVELOPMENT_TEAM = 7XZYKQ99YK;
				INFOPLIST_FILE = GitSearch/Info.plist;
				IPHONEOS_DEPLOYMENT_TARGET = 9.0;
				LD_RUNPATH_SEARCH_PATHS = (
					"$(inherited)",
					"@executable_path/Frameworks",
				);
				PRODUCT_BUNDLE_IDENTIFIER = jhyejun.GitSearch;
				PRODUCT_NAME = "$(TARGET_NAME)";
				SWIFT_VERSION = 4.0;
				TARGETED_DEVICE_FAMILY = 1;
			};
			name = Debug;
		};
		CB67CD0920F3687D006B22B6 /* Release */ = {
			isa = XCBuildConfiguration;
			baseConfigurationReference = 2A032273303A611529629722 /* Pods-GitSearch.release.xcconfig */;
			buildSettings = {
				ASSETCATALOG_COMPILER_APPICON_NAME = AppIcon;
				CODE_SIGN_STYLE = Automatic;
				DEVELOPMENT_TEAM = 7XZYKQ99YK;
				INFOPLIST_FILE = GitSearch/Info.plist;
				IPHONEOS_DEPLOYMENT_TARGET = 9.0;
				LD_RUNPATH_SEARCH_PATHS = (
					"$(inherited)",
					"@executable_path/Frameworks",
				);
				PRODUCT_BUNDLE_IDENTIFIER = jhyejun.GitSearch;
				PRODUCT_NAME = "$(TARGET_NAME)";
				SWIFT_VERSION = 4.0;
				TARGETED_DEVICE_FAMILY = 1;
			};
			name = Release;
		};
/* End XCBuildConfiguration section */

/* Begin XCConfigurationList section */
		CB67CCF020F3687C006B22B6 /* Build configuration list for PBXProject "GitSearch" */ = {
			isa = XCConfigurationList;
			buildConfigurations = (
				CB67CD0520F3687D006B22B6 /* Debug */,
				CB67CD0620F3687D006B22B6 /* Release */,
			);
			defaultConfigurationIsVisible = 0;
			defaultConfigurationName = Release;
		};
		CB67CD0720F3687D006B22B6 /* Build configuration list for PBXNativeTarget "GitSearch" */ = {
			isa = XCConfigurationList;
			buildConfigurations = (
				CB67CD0820F3687D006B22B6 /* Debug */,
				CB67CD0920F3687D006B22B6 /* Release */,
			);
			defaultConfigurationIsVisible = 0;
			defaultConfigurationName = Release;
		};
/* End XCConfigurationList section */
	};
	rootObject = CB67CCED20F3687C006B22B6 /* Project object */;
}
